
Microsoft Visual Studio Solution File, Format Version 12.00
# Visual Studio 2015
Project("{FAE04EC0-301F-11D3-BF4B-00C04F79EFBC}") = "CutOffGame", "CutOffGame.csproj", "{46CEE553-523E-027B-9D05-2345799C8837}"
EndProject
Project("{FAE04EC0-301F-11D3-BF4B-00C04F79EFBC}") = "CutOffGame.Editor", "CutOffGame.Editor.csproj", "{ECE347F5-B518-6766-929D-0B322B790583}"
EndProject
Global
	GlobalSection(SolutionConfigurationPlatforms) = preSolution
		Debug|Any CPU = Debug|Any CPU
		Release|Any CPU = Release|Any CPU
	EndGlobalSection
	GlobalSection(ProjectConfigurationPlatforms) = postSolution
		{46CEE553-523E-027B-9D05-2345799C8837}.Debug|Any CPU.ActiveCfg = Debug|Any CPU
		{46CEE553-523E-027B-9D05-2345799C8837}.Debug|Any CPU.Build.0 = Debug|Any CPU
		{46CEE553-523E-027B-9D05-2345799C8837}.Release|Any CPU.ActiveCfg = Release|Any CPU
		{46CEE553-523E-027B-9D05-2345799C8837}.Release|Any CPU.Build.0 = Release|Any CPU
		{ECE347F5-B518-6766-929D-0B322B790583}.Debug|Any CPU.ActiveCfg = Debug|Any CPU
		{ECE347F5-B518-6766-929D-0B322B790583}.Debug|Any CPU.Build.0 = Debug|Any CPU
		{ECE347F5-B518-6766-929D-0B322B790583}.Release|Any CPU.ActiveCfg = Release|Any CPU
		{ECE347F5-B518-6766-929D-0B322B790583}.Release|Any CPU.Build.0 = Release|Any CPU
	EndGlobalSection
	GlobalSection(SolutionProperties) = preSolution
		HideSolutionNode = FALSE
	EndGlobalSection
EndGlobal
